// !$*UTF8*$!
{
	archiveVersion = 1;
	classes = {
	};
	objectVersion = 46;
	objects = {

/* Begin PBXBuildFile section */
		611C1E141658A45000BB3674 /* QuartzCore.framework in Frameworks */ = {isa = PBXBuildFile; fileRef = 611C1E131658A45000BB3674 /* QuartzCore.framework */; };
		611C1E161658A45D00BB3674 /* OpenGLES.framework in Frameworks */ = {isa = PBXBuildFile; fileRef = 611C1E151658A45D00BB3674 /* OpenGLES.framework */; };
		611C1E181658A46400BB3674 /* GLKit.framework in Frameworks */ = {isa = PBXBuildFile; fileRef = 611C1E171658A46400BB3674 /* GLKit.framework */; };
		611C1E381658A7AB00BB3674 /* YUVDisplayGLViewController.m in Sources */ = {isa = PBXBuildFile; fileRef = 611C1E371658A7AB00BB3674 /* YUVDisplayGLViewController.m */; };
		615FB2B41655856E00D50098 /* FfmpegWrapperTest.m in Sources */ = {isa = PBXBuildFile; fileRef = 615FB2B31655856E00D50098 /* FfmpegWrapperTest.m */; };
		6194CE3216577AC60009FF15 /* itur525_26kielharbour4_original_720x480_-avg-bps_2000000.h264 in Resources */ = {isa = PBXBuildFile; fileRef = 6194CE2B165778730009FF15 /* itur525_26kielharbour4_original_720x480_-avg-bps_2000000.h264 */; };
		6194CE3316577B000009FF15 /* itur525_26kielharbour4_original_720x480_-avg-bps_2000000.h264 in Resources */ = {isa = PBXBuildFile; fileRef = 6194CE2B165778730009FF15 /* itur525_26kielharbour4_original_720x480_-avg-bps_2000000.h264 */; };
		6194CE3416577B700009FF15 /* testOutput720x480_yuv420_1.yuv in Resources */ = {isa = PBXBuildFile; fileRef = 61EC54971656C672005C220D /* testOutput720x480_yuv420_1.yuv */; };
		6194CE3616577F250009FF15 /* testOutput720x480_yuv420_1.yuv in Resources */ = {isa = PBXBuildFile; fileRef = 61EC54971656C672005C220D /* testOutput720x480_yuv420_1.yuv */; };
		6194CE3716577F250009FF15 /* testOutput720x480_yuv420_2.yuv in Resources */ = {isa = PBXBuildFile; fileRef = 61EC54981656C672005C220D /* testOutput720x480_yuv420_2.yuv */; };
		6194CE3816577F250009FF15 /* testOutput720x480_yuv420_3.yuv in Resources */ = {isa = PBXBuildFile; fileRef = 61EC54991656C672005C220D /* testOutput720x480_yuv420_3.yuv */; };
		6194CE3916577F250009FF15 /* testOutput720x480_yuv420_4.yuv in Resources */ = {isa = PBXBuildFile; fileRef = 61EC549A1656C672005C220D /* testOutput720x480_yuv420_4.yuv */; };
		619E50351655765400463A94 /* UIKit.framework in Frameworks */ = {isa = PBXBuildFile; fileRef = 619E50341655765400463A94 /* UIKit.framework */; };
		619E50371655765400463A94 /* Foundation.framework in Frameworks */ = {isa = PBXBuildFile; fileRef = 619E50361655765400463A94 /* Foundation.framework */; };
		619E50391655765400463A94 /* CoreGraphics.framework in Frameworks */ = {isa = PBXBuildFile; fileRef = 619E50381655765400463A94 /* CoreGraphics.framework */; };
		619E503F1655765400463A94 /* InfoPlist.strings in Resources */ = {isa = PBXBuildFile; fileRef = 619E503D1655765400463A94 /* InfoPlist.strings */; };
		619E50411655765400463A94 /* main.m in Sources */ = {isa = PBXBuildFile; fileRef = 619E50401655765400463A94 /* main.m */; };
		619E50451655765400463A94 /* AppDelegate.m in Sources */ = {isa = PBXBuildFile; fileRef = 619E50441655765400463A94 /* AppDelegate.m */; };
		619E50471655765500463A94 /* Default.png in Resources */ = {isa = PBXBuildFile; fileRef = 619E50461655765400463A94 /* Default.png */; };
		619E50491655765500463A94 /* Default@2x.png in Resources */ = {isa = PBXBuildFile; fileRef = 619E50481655765500463A94 /* Default@2x.png */; };
		619E504B1655765500463A94 /* Default-568h@2x.png in Resources */ = {isa = PBXBuildFile; fileRef = 619E504A1655765500463A94 /* Default-568h@2x.png */; };
		619E504E1655765500463A94 /* MainStoryboard.storyboard in Resources */ = {isa = PBXBuildFile; fileRef = 619E504C1655765500463A94 /* MainStoryboard.storyboard */; };
		619E50591655765500463A94 /* SenTestingKit.framework in Frameworks */ = {isa = PBXBuildFile; fileRef = 619E50581655765500463A94 /* SenTestingKit.framework */; };
		619E505A1655765500463A94 /* UIKit.framework in Frameworks */ = {isa = PBXBuildFile; fileRef = 619E50341655765400463A94 /* UIKit.framework */; };
		619E505B1655765500463A94 /* Foundation.framework in Frameworks */ = {isa = PBXBuildFile; fileRef = 619E50361655765400463A94 /* Foundation.framework */; };
		619E50631655765500463A94 /* InfoPlist.strings in Resources */ = {isa = PBXBuildFile; fileRef = 619E50611655765500463A94 /* InfoPlist.strings */; };
		619E5074165576E800463A94 /* FfmpegWrapper.m in Sources */ = {isa = PBXBuildFile; fileRef = 619E5071165576E800463A94 /* FfmpegWrapper.m */; };
		619E5075165576E800463A94 /* RootViewController.m in Sources */ = {isa = PBXBuildFile; fileRef = 619E5073165576E800463A94 /* RootViewController.m */; };
		619E5077165576F600463A94 /* FFmpegDecoder.framework in Frameworks */ = {isa = PBXBuildFile; fileRef = 619E5076165576F600463A94 /* FFmpegDecoder.framework */; };
		619E508C16557DFC00463A94 /* rtsp_playerTests.m in Sources */ = {isa = PBXBuildFile; fileRef = 619E508B16557DFC00463A94 /* rtsp_playerTests.m */; };
/* End PBXBuildFile section */

/* Begin PBXContainerItemProxy section */
		619E505C1655765500463A94 /* PBXContainerItemProxy */ = {
			isa = PBXContainerItemProxy;
			containerPortal = 619E50271655765400463A94 /* Project object */;
			proxyType = 1;
			remoteGlobalIDString = 619E502F1655765400463A94;
			remoteInfo = rtsp_player;
		};
/* End PBXContainerItemProxy section */

/* Begin PBXFileReference section */
		611C1E131658A45000BB3674 /* QuartzCore.framework */ = {isa = PBXFileReference; lastKnownFileType = wrapper.framework; name = QuartzCore.framework; path = System/Library/Frameworks/QuartzCore.framework; sourceTree = SDKROOT; };
		611C1E151658A45D00BB3674 /* OpenGLES.framework */ = {isa = PBXFileReference; lastKnownFileType = wrapper.framework; name = OpenGLES.framework; path = System/Library/Frameworks/OpenGLES.framework; sourceTree = SDKROOT; };
		611C1E171658A46400BB3674 /* GLKit.framework */ = {isa = PBXFileReference; lastKnownFileType = wrapper.framework; name = GLKit.framework; path = System/Library/Frameworks/GLKit.framework; sourceTree = SDKROOT; };
		611C1E361658A7AB00BB3674 /* YUVDisplayGLViewController.h */ = {isa = PBXFileReference; fileEncoding = 4; lastKnownFileType = sourcecode.c.h; path = YUVDisplayGLViewController.h; sourceTree = "<group>"; };
		611C1E371658A7AB00BB3674 /* YUVDisplayGLViewController.m */ = {isa = PBXFileReference; fileEncoding = 4; lastKnownFileType = sourcecode.c.objc; path = YUVDisplayGLViewController.m; sourceTree = "<group>"; };
		615FB2B21655856E00D50098 /* FfmpegWrapperTest.h */ = {isa = PBXFileReference; fileEncoding = 4; lastKnownFileType = sourcecode.c.h; name = FfmpegWrapperTest.h; path = src_tests/FfmpegWrapperTest.h; sourceTree = SOURCE_ROOT; };
		615FB2B31655856E00D50098 /* FfmpegWrapperTest.m */ = {isa = PBXFileReference; fileEncoding = 4; lastKnownFileType = sourcecode.c.objc; name = FfmpegWrapperTest.m; path = src_tests/FfmpegWrapperTest.m; sourceTree = SOURCE_ROOT; };
		6194CE2B165778730009FF15 /* itur525_26kielharbour4_original_720x480_-avg-bps_2000000.h264 */ = {isa = PBXFileReference; lastKnownFileType = file; path = "itur525_26kielharbour4_original_720x480_-avg-bps_2000000.h264"; sourceTree = "<group>"; };
		619E50301655765400463A94 /* rtsp_player.app */ = {isa = PBXFileReference; explicitFileType = wrapper.application; includeInIndex = 0; path = rtsp_player.app; sourceTree = BUILT_PRODUCTS_DIR; };
		619E50341655765400463A94 /* UIKit.framework */ = {isa = PBXFileReference; lastKnownFileType = wrapper.framework; name = UIKit.framework; path = System/Library/Frameworks/UIKit.framework; sourceTree = SDKROOT; };
		619E50361655765400463A94 /* Foundation.framework */ = {isa = PBXFileReference; lastKnownFileType = wrapper.framework; name = Foundation.framework; path = System/Library/Frameworks/Foundation.framework; sourceTree = SDKROOT; };
		619E50381655765400463A94 /* CoreGraphics.framework */ = {isa = PBXFileReference; lastKnownFileType = wrapper.framework; name = CoreGraphics.framework; path = System/Library/Frameworks/CoreGraphics.framework; sourceTree = SDKROOT; };
		619E503C1655765400463A94 /* rtsp_player-Info.plist */ = {isa = PBXFileReference; lastKnownFileType = text.plist.xml; path = "rtsp_player-Info.plist"; sourceTree = "<group>"; };
		619E503E1655765400463A94 /* en */ = {isa = PBXFileReference; lastKnownFileType = text.plist.strings; name = en; path = en.lproj/InfoPlist.strings; sourceTree = "<group>"; };
		619E50401655765400463A94 /* main.m */ = {isa = PBXFileReference; lastKnownFileType = sourcecode.c.objc; path = main.m; sourceTree = "<group>"; };
		619E50421655765400463A94 /* rtsp_player-Prefix.pch */ = {isa = PBXFileReference; lastKnownFileType = sourcecode.c.h; path = "rtsp_player-Prefix.pch"; sourceTree = "<group>"; };
		619E50431655765400463A94 /* AppDelegate.h */ = {isa = PBXFileReference; lastKnownFileType = sourcecode.c.h; path = AppDelegate.h; sourceTree = "<group>"; };
		619E50441655765400463A94 /* AppDelegate.m */ = {isa = PBXFileReference; lastKnownFileType = sourcecode.c.objc; path = AppDelegate.m; sourceTree = "<group>"; };
		619E50461655765400463A94 /* Default.png */ = {isa = PBXFileReference; lastKnownFileType = image.png; path = Default.png; sourceTree = "<group>"; };
		619E50481655765500463A94 /* Default@2x.png */ = {isa = PBXFileReference; lastKnownFileType = image.png; path = "Default@2x.png"; sourceTree = "<group>"; };
		619E504A1655765500463A94 /* Default-568h@2x.png */ = {isa = PBXFileReference; lastKnownFileType = image.png; path = "Default-568h@2x.png"; sourceTree = "<group>"; };
		619E504D1655765500463A94 /* en */ = {isa = PBXFileReference; lastKnownFileType = file.storyboard; name = en; path = en.lproj/MainStoryboard.storyboard; sourceTree = "<group>"; };
		619E50571655765500463A94 /* rtsp_playerTests.octest */ = {isa = PBXFileReference; explicitFileType = wrapper.cfbundle; includeInIndex = 0; path = rtsp_playerTests.octest; sourceTree = BUILT_PRODUCTS_DIR; };
		619E50581655765500463A94 /* SenTestingKit.framework */ = {isa = PBXFileReference; lastKnownFileType = wrapper.framework; name = SenTestingKit.framework; path = Library/Frameworks/SenTestingKit.framework; sourceTree = DEVELOPER_DIR; };
		619E50601655765500463A94 /* rtsp_playerTests-Info.plist */ = {isa = PBXFileReference; lastKnownFileType = text.plist.xml; path = "rtsp_playerTests-Info.plist"; sourceTree = "<group>"; };
		619E50621655765500463A94 /* en */ = {isa = PBXFileReference; lastKnownFileType = text.plist.strings; name = en; path = en.lproj/InfoPlist.strings; sourceTree = "<group>"; };
		619E5070165576E800463A94 /* FfmpegWrapper.h */ = {isa = PBXFileReference; fileEncoding = 4; lastKnownFileType = sourcecode.c.h; path = FfmpegWrapper.h; sourceTree = "<group>"; };
		619E5071165576E800463A94 /* FfmpegWrapper.m */ = {isa = PBXFileReference; fileEncoding = 4; lastKnownFileType = sourcecode.c.objc; path = FfmpegWrapper.m; sourceTree = "<group>"; };
		619E5072165576E800463A94 /* RootViewController.h */ = {isa = PBXFileReference; fileEncoding = 4; lastKnownFileType = sourcecode.c.h; path = RootViewController.h; sourceTree = "<group>"; };
		619E5073165576E800463A94 /* RootViewController.m */ = {isa = PBXFileReference; fileEncoding = 4; lastKnownFileType = sourcecode.c.objc; path = RootViewController.m; sourceTree = "<group>"; };
		619E5076165576F600463A94 /* FFmpegDecoder.framework */ = {isa = PBXFileReference; lastKnownFileType = wrapper.framework; path = FFmpegDecoder.framework; sourceTree = "<group>"; };
		619E508A16557DFC00463A94 /* rtsp_playerTests.h */ = {isa = PBXFileReference; fileEncoding = 4; lastKnownFileType = sourcecode.c.h; name = rtsp_playerTests.h; path = src_tests/rtsp_playerTests.h; sourceTree = SOURCE_ROOT; };
		619E508B16557DFC00463A94 /* rtsp_playerTests.m */ = {isa = PBXFileReference; fileEncoding = 4; lastKnownFileType = sourcecode.c.objc; name = rtsp_playerTests.m; path = src_tests/rtsp_playerTests.m; sourceTree = SOURCE_ROOT; };
		61EC54971656C672005C220D /* testOutput720x480_yuv420_1.yuv */ = {isa = PBXFileReference; fileEncoding = 4; lastKnownFileType = text; path = testOutput720x480_yuv420_1.yuv; sourceTree = "<group>"; };
		61EC54981656C672005C220D /* testOutput720x480_yuv420_2.yuv */ = {isa = PBXFileReference; fileEncoding = 4; lastKnownFileType = text; path = testOutput720x480_yuv420_2.yuv; sourceTree = "<group>"; };
		61EC54991656C672005C220D /* testOutput720x480_yuv420_3.yuv */ = {isa = PBXFileReference; fileEncoding = 4; lastKnownFileType = text; path = testOutput720x480_yuv420_3.yuv; sourceTree = "<group>"; };
		61EC549A1656C672005C220D /* testOutput720x480_yuv420_4.yuv */ = {isa = PBXFileReference; fileEncoding = 4; lastKnownFileType = text; path = testOutput720x480_yuv420_4.yuv; sourceTree = "<group>"; };
/* End PBXFileReference section */

/* Begin PBXFrameworksBuildPhase section */
		619E502D1655765400463A94 /* Frameworks */ = {
			isa = PBXFrameworksBuildPhase;
			buildActionMask = 2147483647;
			files = (
				611C1E181658A46400BB3674 /* GLKit.framework in Frameworks */,
				611C1E161658A45D00BB3674 /* OpenGLES.framework in Frameworks */,
				611C1E141658A45000BB3674 /* QuartzCore.framework in Frameworks */,
				619E50351655765400463A94 /* UIKit.framework in Frameworks */,
				619E50371655765400463A94 /* Foundation.framework in Frameworks */,
				619E50391655765400463A94 /* CoreGraphics.framework in Frameworks */,
				619E5077165576F600463A94 /* FFmpegDecoder.framework in Frameworks */,
			);
			runOnlyForDeploymentPostprocessing = 0;
		};
		619E50531655765500463A94 /* Frameworks */ = {
			isa = PBXFrameworksBuildPhase;
			buildActionMask = 2147483647;
			files = (
				619E50591655765500463A94 /* SenTestingKit.framework in Frameworks */,
				619E505A1655765500463A94 /* UIKit.framework in Frameworks */,
				619E505B1655765500463A94 /* Foundation.framework in Frameworks */,
			);
			runOnlyForDeploymentPostprocessing = 0;
		};
/* End PBXFrameworksBuildPhase section */

/* Begin PBXGroup section */
		619E50251655765400463A94 = {
			isa = PBXGroup;
			children = (
				619E503A1655765400463A94 /* rtsp_player */,
				619E505E1655765500463A94 /* rtsp_playerTests */,
				619E50331655765400463A94 /* Frameworks */,
				619E50311655765400463A94 /* Products */,
			);
			sourceTree = "<group>";
		};
		619E50311655765400463A94 /* Products */ = {
			isa = PBXGroup;
			children = (
				619E50301655765400463A94 /* rtsp_player.app */,
				619E50571655765500463A94 /* rtsp_playerTests.octest */,
			);
			name = Products;
			sourceTree = "<group>";
		};
		619E50331655765400463A94 /* Frameworks */ = {
			isa = PBXGroup;
			children = (
				611C1E171658A46400BB3674 /* GLKit.framework */,
				611C1E151658A45D00BB3674 /* OpenGLES.framework */,
				611C1E131658A45000BB3674 /* QuartzCore.framework */,
				619E5076165576F600463A94 /* FFmpegDecoder.framework */,
				619E50341655765400463A94 /* UIKit.framework */,
				619E50361655765400463A94 /* Foundation.framework */,
				619E50381655765400463A94 /* CoreGraphics.framework */,
				619E50581655765500463A94 /* SenTestingKit.framework */,
			);
			name = Frameworks;
			sourceTree = "<group>";
		};
		619E503A1655765400463A94 /* rtsp_player */ = {
			isa = PBXGroup;
			children = (
				619E504C1655765500463A94 /* MainStoryboard.storyboard */,
				619E506F165576E800463A94 /* src */,
				619E503B1655765400463A94 /* Supporting Files */,
			);
			path = rtsp_player;
			sourceTree = "<group>";
		};
		619E503B1655765400463A94 /* Supporting Files */ = {
			isa = PBXGroup;
			children = (
				619E50431655765400463A94 /* AppDelegate.h */,
				619E50441655765400463A94 /* AppDelegate.m */,
				619E503C1655765400463A94 /* rtsp_player-Info.plist */,
				619E503D1655765400463A94 /* InfoPlist.strings */,
				619E50401655765400463A94 /* main.m */,
				619E50421655765400463A94 /* rtsp_player-Prefix.pch */,
				619E50461655765400463A94 /* Default.png */,
				619E50481655765500463A94 /* Default@2x.png */,
				619E504A1655765500463A94 /* Default-568h@2x.png */,
			);
			name = "Supporting Files";
			sourceTree = "<group>";
		};
		619E505E1655765500463A94 /* rtsp_playerTests */ = {
			isa = PBXGroup;
			children = (
				619E508916557DED00463A94 /* src */,
				619E505F1655765500463A94 /* Supporting Files */,
			);
			path = rtsp_playerTests;
			sourceTree = "<group>";
		};
		619E505F1655765500463A94 /* Supporting Files */ = {
			isa = PBXGroup;
			children = (
				6194CE2B165778730009FF15 /* itur525_26kielharbour4_original_720x480_-avg-bps_2000000.h264 */,
				61EC54971656C672005C220D /* testOutput720x480_yuv420_1.yuv */,
				61EC54981656C672005C220D /* testOutput720x480_yuv420_2.yuv */,
				61EC54991656C672005C220D /* testOutput720x480_yuv420_3.yuv */,
				61EC549A1656C672005C220D /* testOutput720x480_yuv420_4.yuv */,
				619E50601655765500463A94 /* rtsp_playerTests-Info.plist */,
				619E50611655765500463A94 /* InfoPlist.strings */,
			);
			name = "Supporting Files";
			sourceTree = "<group>";
		};
		619E506F165576E800463A94 /* src */ = {
			isa = PBXGroup;
			children = (
				619E5070165576E800463A94 /* FfmpegWrapper.h */,
				619E5071165576E800463A94 /* FfmpegWrapper.m */,
				619E5072165576E800463A94 /* RootViewController.h */,
				619E5073165576E800463A94 /* RootViewController.m */,
				611C1E361658A7AB00BB3674 /* YUVDisplayGLViewController.h */,
				611C1E371658A7AB00BB3674 /* YUVDisplayGLViewController.m */,
			);
			path = src;
			sourceTree = SOURCE_ROOT;
		};
		619E508916557DED00463A94 /* src */ = {
			isa = PBXGroup;
			children = (
				615FB2B21655856E00D50098 /* FfmpegWrapperTest.h */,
				615FB2B31655856E00D50098 /* FfmpegWrapperTest.m */,
				619E508A16557DFC00463A94 /* rtsp_playerTests.h */,
				619E508B16557DFC00463A94 /* rtsp_playerTests.m */,
			);
			name = src;
			sourceTree = "<group>";
		};
/* End PBXGroup section */

/* Begin PBXNativeTarget section */
		619E502F1655765400463A94 /* rtsp_player */ = {
			isa = PBXNativeTarget;
			buildConfigurationList = 619E50691655765500463A94 /* Build configuration list for PBXNativeTarget "rtsp_player" */;
			buildPhases = (
				619E502C1655765400463A94 /* Sources */,
				619E502D1655765400463A94 /* Frameworks */,
				619E502E1655765400463A94 /* Resources */,
			);
			buildRules = (
			);
			dependencies = (
			);
			name = rtsp_player;
			productName = rtsp_player;
			productReference = 619E50301655765400463A94 /* rtsp_player.app */;
			productType = "com.apple.product-type.application";
		};
		619E50561655765500463A94 /* rtsp_playerTests */ = {
			isa = PBXNativeTarget;
			buildConfigurationList = 619E506C1655765500463A94 /* Build configuration list for PBXNativeTarget "rtsp_playerTests" */;
			buildPhases = (
				619E50521655765500463A94 /* Sources */,
				619E50531655765500463A94 /* Frameworks */,
				619E50541655765500463A94 /* Resources */,
				619E50551655765500463A94 /* ShellScript */,
			);
			buildRules = (
			);
			dependencies = (
				619E505D1655765500463A94 /* PBXTargetDependency */,
			);
			name = rtsp_playerTests;
			productName = rtsp_playerTests;
			productReference = 619E50571655765500463A94 /* rtsp_playerTests.octest */;
			productType = "com.apple.product-type.bundle";
		};
/* End PBXNativeTarget section */

/* Begin PBXProject section */
		619E50271655765400463A94 /* Project object */ = {
			isa = PBXProject;
			attributes = {
				LastUpgradeCheck = 0450;
				ORGANIZATIONNAME = "J.C. Li";
			};
			buildConfigurationList = 619E502A1655765400463A94 /* Build configuration list for PBXProject "rtsp_player" */;
			compatibilityVersion = "Xcode 3.2";
			developmentRegion = English;
			hasScannedForEncodings = 0;
			knownRegions = (
				en,
			);
			mainGroup = 619E50251655765400463A94;
			productRefGroup = 619E50311655765400463A94 /* Products */;
			projectDirPath = "";
			projectRoot = "";
			targets = (
				619E502F1655765400463A94 /* rtsp_player */,
				619E50561655765500463A94 /* rtsp_playerTests */,
			);
		};
/* End PBXProject section */

/* Begin PBXResourcesBuildPhase section */
		619E502E1655765400463A94 /* Resources */ = {
			isa = PBXResourcesBuildPhase;
			buildActionMask = 2147483647;
			files = (
				6194CE3416577B700009FF15 /* testOutput720x480_yuv420_1.yuv in Resources */,
				6194CE3316577B000009FF15 /* itur525_26kielharbour4_original_720x480_-avg-bps_2000000.h264 in Resources */,
				619E503F1655765400463A94 /* InfoPlist.strings in Resources */,
				619E50471655765500463A94 /* Default.png in Resources */,
				619E50491655765500463A94 /* Default@2x.png in Resources */,
				619E504B1655765500463A94 /* Default-568h@2x.png in Resources */,
				619E504E1655765500463A94 /* MainStoryboard.storyboard in Resources */,
			);
			runOnlyForDeploymentPostprocessing = 0;
		};
		619E50541655765500463A94 /* Resources */ = {
			isa = PBXResourcesBuildPhase;
			buildActionMask = 2147483647;
			files = (
				6194CE3616577F250009FF15 /* testOutput720x480_yuv420_1.yuv in Resources */,
				6194CE3716577F250009FF15 /* testOutput720x480_yuv420_2.yuv in Resources */,
				6194CE3816577F250009FF15 /* testOutput720x480_yuv420_3.yuv in Resources */,
				6194CE3916577F250009FF15 /* testOutput720x480_yuv420_4.yuv in Resources */,
				6194CE3216577AC60009FF15 /* itur525_26kielharbour4_original_720x480_-avg-bps_2000000.h264 in Resources */,
				619E50631655765500463A94 /* InfoPlist.strings in Resources */,
			);
			runOnlyForDeploymentPostprocessing = 0;
		};
/* End PBXResourcesBuildPhase section */

/* Begin PBXShellScriptBuildPhase section */
		619E50551655765500463A94 /* ShellScript */ = {
			isa = PBXShellScriptBuildPhase;
			buildActionMask = 2147483647;
			files = (
			);
			inputPaths = (
			);
			outputPaths = (
			);
			runOnlyForDeploymentPostprocessing = 0;
			shellPath = /bin/sh;
			shellScript = "# Run the unit tests in this test bundle.\n\"${SYSTEM_DEVELOPER_DIR}/Tools/RunUnitTests\"\n";
		};
/* End PBXShellScriptBuildPhase section */

/* Begin PBXSourcesBuildPhase section */
		619E502C1655765400463A94 /* Sources */ = {
			isa = PBXSourcesBuildPhase;
			buildActionMask = 2147483647;
			files = (
				619E50411655765400463A94 /* main.m in Sources */,
				619E50451655765400463A94 /* AppDelegate.m in Sources */,
				619E5074165576E800463A94 /* FfmpegWrapper.m in Sources */,
				619E5075165576E800463A94 /* RootViewController.m in Sources */,
				611C1E381658A7AB00BB3674 /* YUVDisplayGLViewController.m in Sources */,
			);
			runOnlyForDeploymentPostprocessing = 0;
		};
		619E50521655765500463A94 /* Sources */ = {
			isa = PBXSourcesBuildPhase;
			buildActionMask = 2147483647;
			files = (
				619E508C16557DFC00463A94 /* rtsp_playerTests.m in Sources */,
				615FB2B41655856E00D50098 /* FfmpegWrapperTest.m in Sources */,
			);
			runOnlyForDeploymentPostprocessing = 0;
		};
/* End PBXSourcesBuildPhase section */

/* Begin PBXTargetDependency section */
		619E505D1655765500463A94 /* PBXTargetDependency */ = {
			isa = PBXTargetDependency;
			target = 619E502F1655765400463A94 /* rtsp_player */;
			targetProxy = 619E505C1655765500463A94 /* PBXContainerItemProxy */;
		};
/* End PBXTargetDependency section */

/* Begin PBXVariantGroup section */
		619E503D1655765400463A94 /* InfoPlist.strings */ = {
			isa = PBXVariantGroup;
			children = (
				619E503E1655765400463A94 /* en */,
			);
			name = InfoPlist.strings;
			sourceTree = "<group>";
		};
		619E504C1655765500463A94 /* MainStoryboard.storyboard */ = {
			isa = PBXVariantGroup;
			children = (
				619E504D1655765500463A94 /* en */,
			);
			name = MainStoryboard.storyboard;
			sourceTree = "<group>";
		};
		619E50611655765500463A94 /* InfoPlist.strings */ = {
			isa = PBXVariantGroup;
			children = (
				619E50621655765500463A94 /* en */,
			);
			name = InfoPlist.strings;
			sourceTree = "<group>";
		};
/* End PBXVariantGroup section */

/* Begin XCBuildConfiguration section */
		619E50671655765500463A94 /* Debug */ = {
			isa = XCBuildConfiguration;
			buildSettings = {
				ALWAYS_SEARCH_USER_PATHS = NO;
				CLANG_CXX_LANGUAGE_STANDARD = "gnu++0x";
				CLANG_CXX_LIBRARY = "libc++";
				CLANG_ENABLE_OBJC_ARC = YES;
				CLANG_WARN_EMPTY_BODY = YES;
				CLANG_WARN__DUPLICATE_METHOD_MATCH = YES;
				"CODE_SIGN_IDENTITY[sdk=iphoneos*]" = "iPhone Developer";
				COPY_PHASE_STRIP = NO;
				GCC_C_LANGUAGE_STANDARD = gnu99;
				GCC_DYNAMIC_NO_PIC = NO;
				GCC_OPTIMIZATION_LEVEL = 0;
				GCC_PREPROCESSOR_DEFINITIONS = (
					"DEBUG=1",
					"$(inherited)",
				);
				GCC_SYMBOLS_PRIVATE_EXTERN = NO;
				GCC_WARN_ABOUT_RETURN_TYPE = YES;
				GCC_WARN_UNINITIALIZED_AUTOS = YES;
				GCC_WARN_UNUSED_VARIABLE = YES;
				IPHONEOS_DEPLOYMENT_TARGET = 6.0;
				ONLY_ACTIVE_ARCH = YES;
				SDKROOT = iphoneos;
				TARGETED_DEVICE_FAMILY = 2;
			};
			name = Debug;
		};
		619E50681655765500463A94 /* Release */ = {
			isa = XCBuildConfiguration;
			buildSettings = {
				ALWAYS_SEARCH_USER_PATHS = NO;
				CLANG_CXX_LANGUAGE_STANDARD = "gnu++0x";
				CLANG_CXX_LIBRARY = "libc++";
				CLANG_ENABLE_OBJC_ARC = YES;
				CLANG_WARN_EMPTY_BODY = YES;
				CLANG_WARN__DUPLICATE_METHOD_MATCH = YES;
				"CODE_SIGN_IDENTITY[sdk=iphoneos*]" = "iPhone Developer";
				COPY_PHASE_STRIP = YES;
				GCC_C_LANGUAGE_STANDARD = gnu99;
				GCC_WARN_ABOUT_RETURN_TYPE = YES;
				GCC_WARN_UNINITIALIZED_AUTOS = YES;
				GCC_WARN_UNUSED_VARIABLE = YES;
				IPHONEOS_DEPLOYMENT_TARGET = 6.0;
				OTHER_CFLAGS = "-DNS_BLOCK_ASSERTIONS=1";
				SDKROOT = iphoneos;
				TARGETED_DEVICE_FAMILY = 2;
				VALIDATE_PRODUCT = YES;
			};
			name = Release;
		};
		619E506A1655765500463A94 /* Debug */ = {
			isa = XCBuildConfiguration;
			buildSettings = {
				FRAMEWORK_SEARCH_PATHS = (
					"$(inherited)",
					"\"$(SRCROOT)\"",
				);
				GCC_PRECOMPILE_PREFIX_HEADER = YES;
				GCC_PREFIX_HEADER = "rtsp_player/rtsp_player-Prefix.pch";
				INFOPLIST_FILE = "rtsp_player/rtsp_player-Info.plist";
				PRODUCT_NAME = "$(TARGET_NAME)";
				WRAPPER_EXTENSION = app;
			};
			name = Debug;
		};
		619E506B1655765500463A94 /* Release */ = {
			isa = XCBuildConfiguration;
			buildSettings = {
				FRAMEWORK_SEARCH_PATHS = (
					"$(inherited)",
					"\"$(SRCROOT)\"",
				);
				GCC_PRECOMPILE_PREFIX_HEADER = YES;
				GCC_PREFIX_HEADER = "rtsp_player/rtsp_player-Prefix.pch";
				INFOPLIST_FILE = "rtsp_player/rtsp_player-Info.plist";
				PRODUCT_NAME = "$(TARGET_NAME)";
				WRAPPER_EXTENSION = app;
			};
			name = Release;
		};
		619E506D1655765500463A94 /* Debug */ = {
			isa = XCBuildConfiguration;
			buildSettings = {
				BUNDLE_LOADER = "$(BUILT_PRODUCTS_DIR)/rtsp_player.app/rtsp_player";
				FRAMEWORK_SEARCH_PATHS = (
					"\"$(SDKROOT)/Developer/Library/Frameworks\"",
					"\"$(DEVELOPER_LIBRARY_DIR)/Frameworks\"",
				);
				GCC_PRECOMPILE_PREFIX_HEADER = YES;
				GCC_PREFIX_HEADER = "rtsp_player/rtsp_player-Prefix.pch";
				INFOPLIST_FILE = "rtsp_playerTests/rtsp_playerTests-Info.plist";
				PRODUCT_NAME = "$(TARGET_NAME)";
				TEST_HOST = "$(BUNDLE_LOADER)";
				WRAPPER_EXTENSION = octest;
			};
			name = Debug;
		};
		619E506E1655765500463A94 /* Release */ = {
			isa = XCBuildConfiguration;
			buildSettings = {
				BUNDLE_LOADER = "$(BUILT_PRODUCTS_DIR)/rtsp_player.app/rtsp_player";
				FRAMEWORK_SEARCH_PATHS = (
					"\"$(SDKROOT)/Developer/Library/Frameworks\"",
					"\"$(DEVELOPER_LIBRARY_DIR)/Frameworks\"",
				);
				GCC_PRECOMPILE_PREFIX_HEADER = YES;
				GCC_PREFIX_HEADER = "rtsp_player/rtsp_player-Prefix.pch";
				INFOPLIST_FILE = "rtsp_playerTests/rtsp_playerTests-Info.plist";
				PRODUCT_NAME = "$(TARGET_NAME)";
				TEST_HOST = "$(BUNDLE_LOADER)";
				WRAPPER_EXTENSION = octest;
			};
			name = Release;
		};
/* End XCBuildConfiguration section */

/* Begin XCConfigurationList section */
		619E502A1655765400463A94 /* Build configuration list for PBXProject "rtsp_player" */ = {
			isa = XCConfigurationList;
			buildConfigurations = (
				619E50671655765500463A94 /* Debug */,
				619E50681655765500463A94 /* Release */,
			);
			defaultConfigurationIsVisible = 0;
			defaultConfigurationName = Release;
		};
		619E50691655765500463A94 /* Build configuration list for PBXNativeTarget "rtsp_player" */ = {
			isa = XCConfigurationList;
			buildConfigurations = (
				619E506A1655765500463A94 /* Debug */,
				619E506B1655765500463A94 /* Release */,
			);
			defaultConfigurationIsVisible = 0;
			defaultConfigurationName = Release;
		};
		619E506C1655765500463A94 /* Build configuration list for PBXNativeTarget "rtsp_playerTests" */ = {
			isa = XCConfigurationList;
			buildConfigurations = (
				619E506D1655765500463A94 /* Debug */,
				619E506E1655765500463A94 /* Release */,
			);
			defaultConfigurationIsVisible = 0;
			defaultConfigurationName = Release;
		};
/* End XCConfigurationList section */
	};
	rootObject = 619E50271655765400463A94 /* Project object */;
}
